
Microsoft Visual Studio Solution File, Format Version 12.00
# Visual Studio Version 16
VisualStudioVersion = 16.0.30114.105
MinimumVisualStudioVersion = 10.0.40219.1
Project("{9A19103F-16F7-4668-BE54-9A1E7A4F7556}") = "Appication", "Appication\Appication.csproj", "{3FCA2872-98EB-4A0C-9F51-EF710708FC67}"
EndProject
Project("{2150E333-8FDC-42A3-9474-1A3956D46DE8}") = "Api.Application", "Api.Application", "{B9E1DBBD-6DC4-4A74-A8DD-6845A87F0A86}"
EndProject
Project("{9A19103F-16F7-4668-BE54-9A1E7A4F7556}") = "Domain", "Domain\Domain.csproj", "{2539DB13-C187-4C14-878A-26F29DE3FD50}"
EndProject
Project("{2150E333-8FDC-42A3-9474-1A3956D46DE8}") = "Api.Domain", "Api.Domain", "{6F12D997-DE91-4812-BFBB-911084501375}"
EndProject
Project("{9A19103F-16F7-4668-BE54-9A1E7A4F7556}") = "CrossCutting", "CrossCutting\CrossCutting.csproj", "{A8282BF8-E1B7-429D-8FF7-1B8BC886F188}"
EndProject
Project("{2150E333-8FDC-42A3-9474-1A3956D46DE8}") = "Api.CrossCutting", "Api.CrossCutting", "{7F55BB72-D5C5-4CAC-9D2A-D3FAA99426D0}"
EndProject
Project("{9A19103F-16F7-4668-BE54-9A1E7A4F7556}") = "Data", "Data\Data.csproj", "{7643FF77-DCB8-477B-B5EC-A4E25D0B4C8F}"
EndProject
Project("{2150E333-8FDC-42A3-9474-1A3956D46DE8}") = "Api.Data", "Api.Data", "{BFBD15FE-0322-4F29-A4B3-7DF988703A48}"
EndProject
Project("{9A19103F-16F7-4668-BE54-9A1E7A4F7556}") = "Services", "Services\Services.csproj", "{39223233-84BA-451F-9499-DE3BAA16D481}"
EndProject
Project("{2150E333-8FDC-42A3-9474-1A3956D46DE8}") = "Api.Services", "Api.Services", "{D9B083A0-4824-47CB-8EC1-53D9BB87A910}"
EndProject
Project("{2150E333-8FDC-42A3-9474-1A3956D46DE8}") = "Api.Testes", "Api.Testes", "{14CFE1F4-488C-42C7-ADC6-8B5B46792085}"
EndProject
Project("{FAE04EC0-301F-11D3-BF4B-00C04F79EFBC}") = "ApiTeste", "ApiTeste\ApiTeste.csproj", "{24B45877-1508-4AF7-8D7E-7F0E1E66A661}"
EndProject
Global
	GlobalSection(SolutionConfigurationPlatforms) = preSolution
		Debug|Any CPU = Debug|Any CPU
		Debug|x64 = Debug|x64
		Debug|x86 = Debug|x86
		Release|Any CPU = Release|Any CPU
		Release|x64 = Release|x64
		Release|x86 = Release|x86
	EndGlobalSection
	GlobalSection(ProjectConfigurationPlatforms) = postSolution
		{3FCA2872-98EB-4A0C-9F51-EF710708FC67}.Debug|Any CPU.ActiveCfg = Debug|Any CPU
		{3FCA2872-98EB-4A0C-9F51-EF710708FC67}.Debug|Any CPU.Build.0 = Debug|Any CPU
		{3FCA2872-98EB-4A0C-9F51-EF710708FC67}.Debug|x64.ActiveCfg = Debug|Any CPU
		{3FCA2872-98EB-4A0C-9F51-EF710708FC67}.Debug|x64.Build.0 = Debug|Any CPU
		{3FCA2872-98EB-4A0C-9F51-EF710708FC67}.Debug|x86.ActiveCfg = Debug|Any CPU
		{3FCA2872-98EB-4A0C-9F51-EF710708FC67}.Debug|x86.Build.0 = Debug|Any CPU
		{3FCA2872-98EB-4A0C-9F51-EF710708FC67}.Release|Any CPU.ActiveCfg = Release|Any CPU
		{3FCA2872-98EB-4A0C-9F51-EF710708FC67}.Release|Any CPU.Build.0 = Release|Any CPU
		{3FCA2872-98EB-4A0C-9F51-EF710708FC67}.Release|x64.ActiveCfg = Release|Any CPU
		{3FCA2872-98EB-4A0C-9F51-EF710708FC67}.Release|x64.Build.0 = Release|Any CPU
		{3FCA2872-98EB-4A0C-9F51-EF710708FC67}.Release|x86.ActiveCfg = Release|Any CPU
		{3FCA2872-98EB-4A0C-9F51-EF710708FC67}.Release|x86.Build.0 = Release|Any CPU
		{2539DB13-C187-4C14-878A-26F29DE3FD50}.Debug|Any CPU.ActiveCfg = Debug|Any CPU
		{2539DB13-C187-4C14-878A-26F29DE3FD50}.Debug|Any CPU.Build.0 = Debug|Any CPU
		{2539DB13-C187-4C14-878A-26F29DE3FD50}.Debug|x64.ActiveCfg = Debug|Any CPU
		{2539DB13-C187-4C14-878A-26F29DE3FD50}.Debug|x64.Build.0 = Debug|Any CPU
		{2539DB13-C187-4C14-878A-26F29DE3FD50}.Debug|x86.ActiveCfg = Debug|Any CPU
		{2539DB13-C187-4C14-878A-26F29DE3FD50}.Debug|x86.Build.0 = Debug|Any CPU
		{2539DB13-C187-4C14-878A-26F29DE3FD50}.Release|Any CPU.ActiveCfg = Release|Any CPU
		{2539DB13-C187-4C14-878A-26F29DE3FD50}.Release|Any CPU.Build.0 = Release|Any CPU
		{2539DB13-C187-4C14-878A-26F29DE3FD50}.Release|x64.ActiveCfg = Release|Any CPU
		{2539DB13-C187-4C14-878A-26F29DE3FD50}.Release|x64.Build.0 = Release|Any CPU
		{2539DB13-C187-4C14-878A-26F29DE3FD50}.Release|x86.ActiveCfg = Release|Any CPU
		{2539DB13-C187-4C14-878A-26F29DE3FD50}.Release|x86.Build.0 = Release|Any CPU
		{A8282BF8-E1B7-429D-8FF7-1B8BC886F188}.Debug|Any CPU.ActiveCfg = Debug|Any CPU
		{A8282BF8-E1B7-429D-8FF7-1B8BC886F188}.Debug|Any CPU.Build.0 = Debug|Any CPU
		{A8282BF8-E1B7-429D-8FF7-1B8BC886F188}.Debug|x64.ActiveCfg = Debug|Any CPU
		{A8282BF8-E1B7-429D-8FF7-1B8BC886F188}.Debug|x64.Build.0 = Debug|Any CPU
		{A8282BF8-E1B7-429D-8FF7-1B8BC886F188}.Debug|x86.ActiveCfg = Debug|Any CPU
		{A8282BF8-E1B7-429D-8FF7-1B8BC886F188}.Debug|x86.Build.0 = Debug|Any CPU
		{A8282BF8-E1B7-429D-8FF7-1B8BC886F188}.Release|Any CPU.ActiveCfg = Release|Any CPU
		{A8282BF8-E1B7-429D-8FF7-1B8BC886F188}.Release|Any CPU.Build.0 = Release|Any CPU
		{A8282BF8-E1B7-429D-8FF7-1B8BC886F188}.Release|x64.ActiveCfg = Release|Any CPU
		{A8282BF8-E1B7-429D-8FF7-1B8BC886F188}.Release|x64.Build.0 = Release|Any CPU
		{A8282BF8-E1B7-429D-8FF7-1B8BC886F188}.Release|x86.ActiveCfg = Release|Any CPU
		{A8282BF8-E1B7-429D-8FF7-1B8BC886F188}.Release|x86.Build.0 = Release|Any CPU
		{7643FF77-DCB8-477B-B5EC-A4E25D0B4C8F}.Debug|Any CPU.ActiveCfg = Debug|Any CPU
		{7643FF77-DCB8-477B-B5EC-A4E25D0B4C8F}.Debug|Any CPU.Build.0 = Debug|Any CPU
		{7643FF77-DCB8-477B-B5EC-A4E25D0B4C8F}.Debug|x64.ActiveCfg = Debug|Any CPU
		{7643FF77-DCB8-477B-B5EC-A4E25D0B4C8F}.Debug|x64.Build.0 = Debug|Any CPU
		{7643FF77-DCB8-477B-B5EC-A4E25D0B4C8F}.Debug|x86.ActiveCfg = Debug|Any CPU
		{7643FF77-DCB8-477B-B5EC-A4E25D0B4C8F}.Debug|x86.Build.0 = Debug|Any CPU
		{7643FF77-DCB8-477B-B5EC-A4E25D0B4C8F}.Release|Any CPU.ActiveCfg = Release|Any CPU
		{7643FF77-DCB8-477B-B5EC-A4E25D0B4C8F}.Release|Any CPU.Build.0 = Release|Any CPU
		{7643FF77-DCB8-477B-B5EC-A4E25D0B4C8F}.Release|x64.ActiveCfg = Release|Any CPU
		{7643FF77-DCB8-477B-B5EC-A4E25D0B4C8F}.Release|x64.Build.0 = Release|Any CPU
		{7643FF77-DCB8-477B-B5EC-A4E25D0B4C8F}.Release|x86.ActiveCfg = Release|Any CPU
		{7643FF77-DCB8-477B-B5EC-A4E25D0B4C8F}.Release|x86.Build.0 = Release|Any CPU
		{39223233-84BA-451F-9499-DE3BAA16D481}.Debug|Any CPU.ActiveCfg = Debug|Any CPU
		{39223233-84BA-451F-9499-DE3BAA16D481}.Debug|Any CPU.Build.0 = Debug|Any CPU
		{39223233-84BA-451F-9499-DE3BAA16D481}.Debug|x64.ActiveCfg = Debug|Any CPU
		{39223233-84BA-451F-9499-DE3BAA16D481}.Debug|x64.Build.0 = Debug|Any CPU
		{39223233-84BA-451F-9499-DE3BAA16D481}.Debug|x86.ActiveCfg = Debug|Any CPU
		{39223233-84BA-451F-9499-DE3BAA16D481}.Debug|x86.Build.0 = Debug|Any CPU
		{39223233-84BA-451F-9499-DE3BAA16D481}.Release|Any CPU.ActiveCfg = Release|Any CPU
		{39223233-84BA-451F-9499-DE3BAA16D481}.Release|Any CPU.Build.0 = Release|Any CPU
		{39223233-84BA-451F-9499-DE3BAA16D481}.Release|x64.ActiveCfg = Release|Any CPU
		{39223233-84BA-451F-9499-DE3BAA16D481}.Release|x64.Build.0 = Release|Any CPU
		{39223233-84BA-451F-9499-DE3BAA16D481}.Release|x86.ActiveCfg = Release|Any CPU
		{39223233-84BA-451F-9499-DE3BAA16D481}.Release|x86.Build.0 = Release|Any CPU
		{24B45877-1508-4AF7-8D7E-7F0E1E66A661}.Debug|Any CPU.ActiveCfg = Debug|Any CPU
		{24B45877-1508-4AF7-8D7E-7F0E1E66A661}.Debug|Any CPU.Build.0 = Debug|Any CPU
		{24B45877-1508-4AF7-8D7E-7F0E1E66A661}.Debug|x64.ActiveCfg = Debug|Any CPU
		{24B45877-1508-4AF7-8D7E-7F0E1E66A661}.Debug|x64.Build.0 = Debug|Any CPU
		{24B45877-1508-4AF7-8D7E-7F0E1E66A661}.Debug|x86.ActiveCfg = Debug|Any CPU
		{24B45877-1508-4AF7-8D7E-7F0E1E66A661}.Debug|x86.Build.0 = Debug|Any CPU
		{24B45877-1508-4AF7-8D7E-7F0E1E66A661}.Release|Any CPU.ActiveCfg = Release|Any CPU
		{24B45877-1508-4AF7-8D7E-7F0E1E66A661}.Release|Any CPU.Build.0 = Release|Any CPU
		{24B45877-1508-4AF7-8D7E-7F0E1E66A661}.Release|x64.ActiveCfg = Release|Any CPU
		{24B45877-1508-4AF7-8D7E-7F0E1E66A661}.Release|x64.Build.0 = Release|Any CPU
		{24B45877-1508-4AF7-8D7E-7F0E1E66A661}.Release|x86.ActiveCfg = Release|Any CPU
		{24B45877-1508-4AF7-8D7E-7F0E1E66A661}.Release|x86.Build.0 = Release|Any CPU
	EndGlobalSection
	GlobalSection(SolutionProperties) = preSolution
		HideSolutionNode = FALSE
	EndGlobalSection
	GlobalSection(NestedProjects) = preSolution
		{3FCA2872-98EB-4A0C-9F51-EF710708FC67} = {B9E1DBBD-6DC4-4A74-A8DD-6845A87F0A86}
		{2539DB13-C187-4C14-878A-26F29DE3FD50} = {6F12D997-DE91-4812-BFBB-911084501375}
		{A8282BF8-E1B7-429D-8FF7-1B8BC886F188} = {7F55BB72-D5C5-4CAC-9D2A-D3FAA99426D0}
		{7643FF77-DCB8-477B-B5EC-A4E25D0B4C8F} = {BFBD15FE-0322-4F29-A4B3-7DF988703A48}
		{39223233-84BA-451F-9499-DE3BAA16D481} = {D9B083A0-4824-47CB-8EC1-53D9BB87A910}
		{24B45877-1508-4AF7-8D7E-7F0E1E66A661} = {14CFE1F4-488C-42C7-ADC6-8B5B46792085}
	EndGlobalSection
	GlobalSection(ExtensibilityGlobals) = postSolution
		SolutionGuid = {9EE61259-0031-4B7E-AC8A-1AA9B541B887}
	EndGlobalSection
EndGlobal
